
Microsoft Visual Studio Solution File, Format Version 12.00
# Visual Studio Version 17
VisualStudioVersion = 17.14.36221.1 d17.14
MinimumVisualStudioVersion = 10.0.40219.1
Project("{FAE04EC0-301F-11D3-BF4B-00C04F79EFBC}") = "OrderService", "OrderService\OrderService.csproj", "{4B251F23-91B2-4591-8EC5-68342BE293F8}"
EndProject
Project("{FAE04EC0-301F-11D3-BF4B-00C04F79EFBC}") = "PaymentService", "PaymentService\PaymentService.csproj", "{27C27378-8318-4BB1-BCFC-61F81D0B5A82}"
EndProject
Project("{FAE04EC0-301F-11D3-BF4B-00C04F79EFBC}") = "InventoryService", "InventoryService\InventoryService.csproj", "{371E0115-087A-48D4-BFF9-1CA592646203}"
EndProject
Project("{2150E333-8FDC-42A3-9474-1A3956D46DE8}") = "Solution Items", "Solution Items", "{8EC462FD-D22E-90A8-E5CE-7E832BA40C5D}"
	ProjectSection(SolutionItems) = preProject
		docker-compose.yml = docker-compose.yml
		Jenkinsfile = Jenkinsfile
		README.md = README.md
	EndProjectSection
EndProject
Project("{FAE04EC0-301F-11D3-BF4B-00C04F79EFBC}") = "Shared", "Share\Shared.csproj", "{0CD84C04-2209-4C08-B3C4-62583557126A}"
EndProject
Global
	GlobalSection(SolutionConfigurationPlatforms) = preSolution
		Debug|Any CPU = Debug|Any CPU
		Release|Any CPU = Release|Any CPU
	EndGlobalSection
	GlobalSection(ProjectConfigurationPlatforms) = postSolution
		{4B251F23-91B2-4591-8EC5-68342BE293F8}.Debug|Any CPU.ActiveCfg = Debug|Any CPU
		{4B251F23-91B2-4591-8EC5-68342BE293F8}.Debug|Any CPU.Build.0 = Debug|Any CPU
		{4B251F23-91B2-4591-8EC5-68342BE293F8}.Release|Any CPU.ActiveCfg = Release|Any CPU
		{4B251F23-91B2-4591-8EC5-68342BE293F8}.Release|Any CPU.Build.0 = Release|Any CPU
		{27C27378-8318-4BB1-BCFC-61F81D0B5A82}.Debug|Any CPU.ActiveCfg = Debug|Any CPU
		{27C27378-8318-4BB1-BCFC-61F81D0B5A82}.Debug|Any CPU.Build.0 = Debug|Any CPU
		{27C27378-8318-4BB1-BCFC-61F81D0B5A82}.Release|Any CPU.ActiveCfg = Release|Any CPU
		{27C27378-8318-4BB1-BCFC-61F81D0B5A82}.Release|Any CPU.Build.0 = Release|Any CPU
		{371E0115-087A-48D4-BFF9-1CA592646203}.Debug|Any CPU.ActiveCfg = Debug|Any CPU
		{371E0115-087A-48D4-BFF9-1CA592646203}.Debug|Any CPU.Build.0 = Debug|Any CPU
		{371E0115-087A-48D4-BFF9-1CA592646203}.Release|Any CPU.ActiveCfg = Release|Any CPU
		{371E0115-087A-48D4-BFF9-1CA592646203}.Release|Any CPU.Build.0 = Release|Any CPU
		{0CD84C04-2209-4C08-B3C4-62583557126A}.Debug|Any CPU.ActiveCfg = Debug|Any CPU
		{0CD84C04-2209-4C08-B3C4-62583557126A}.Debug|Any CPU.Build.0 = Debug|Any CPU
		{0CD84C04-2209-4C08-B3C4-62583557126A}.Release|Any CPU.ActiveCfg = Release|Any CPU
		{0CD84C04-2209-4C08-B3C4-62583557126A}.Release|Any CPU.Build.0 = Release|Any CPU
	EndGlobalSection
	GlobalSection(SolutionProperties) = preSolution
		HideSolutionNode = FALSE
	EndGlobalSection
	GlobalSection(ExtensibilityGlobals) = postSolution
		SolutionGuid = {50DDA9B4-BAA4-4F57-BBDC-DFEAC98B4D17}
	EndGlobalSection
EndGlobal
